
Microsoft Visual Studio Solution File, Format Version 12.00
# Visual Studio Version 17
VisualStudioVersion = 17.0.31903.59
MinimumVisualStudioVersion = 10.0.40219.1
Project("{2150E333-8FDC-42A3-9474-1A3956D46DE8}") = "src", "src", "{184A548D-D0D5-493B-94E4-F9F6F756D05E}"
EndProject
Project("{F2A71F9B-5D33-465A-A702-920D77279786}") = "Inertial.Lib", "src\Inertial.Lib\Inertial.Lib.fsproj", "{7B0D11C0-F474-455A-A2D5-39A4F5780FF8}"
EndProject
Global
	GlobalSection(SolutionConfigurationPlatforms) = preSolution
		Debug|Any CPU = Debug|Any CPU
		Release|Any CPU = Release|Any CPU
	EndGlobalSection
	GlobalSection(SolutionProperties) = preSolution
		HideSolutionNode = FALSE
	EndGlobalSection
	GlobalSection(ProjectConfigurationPlatforms) = postSolution
		{7B0D11C0-F474-455A-A2D5-39A4F5780FF8}.Debug|Any CPU.ActiveCfg = Debug|Any CPU
		{7B0D11C0-F474-455A-A2D5-39A4F5780FF8}.Debug|Any CPU.Build.0 = Debug|Any CPU
		{7B0D11C0-F474-455A-A2D5-39A4F5780FF8}.Release|Any CPU.ActiveCfg = Release|Any CPU
		{7B0D11C0-F474-455A-A2D5-39A4F5780FF8}.Release|Any CPU.Build.0 = Release|Any CPU
	EndGlobalSection
	GlobalSection(NestedProjects) = preSolution
		{7B0D11C0-F474-455A-A2D5-39A4F5780FF8} = {184A548D-D0D5-493B-94E4-F9F6F756D05E}
	EndGlobalSection
EndGlobal
